
Microsoft Visual Studio Solution File, Format Version 12.00
# Visual Studio Version 16
VisualStudioVersion = 16.0.33328.57
MinimumVisualStudioVersion = 10.0.40219.1
Project("{FAE04EC0-301F-11D3-BF4B-00C04F79EFBC}") = "psn", "psn\psn.csproj", "{99868DCE-69E6-44B7-8F31-AF4FFBE6E657}"
EndProject
Global
	GlobalSection(SolutionConfigurationPlatforms) = preSolution
		Debug|Any CPU = Debug|Any CPU
		Release|Any CPU = Release|Any CPU
	EndGlobalSection
	GlobalSection(ProjectConfigurationPlatforms) = postSolution
		{99868DCE-69E6-44B7-8F31-AF4FFBE6E657}.Debug|Any CPU.ActiveCfg = Debug|Any CPU
		{99868DCE-69E6-44B7-8F31-AF4FFBE6E657}.Debug|Any CPU.Build.0 = Debug|Any CPU
		{99868DCE-69E6-44B7-8F31-AF4FFBE6E657}.Release|Any CPU.ActiveCfg = Release|Any CPU
		{99868DCE-69E6-44B7-8F31-AF4FFBE6E657}.Release|Any CPU.Build.0 = Release|Any CPU
	EndGlobalSection
	GlobalSection(SolutionProperties) = preSolution
		HideSolutionNode = FALSE
	EndGlobalSection
	GlobalSection(ExtensibilityGlobals) = postSolution
		SolutionGuid = {2B3F1A96-7BB9-4169-B2CD-D2E2102B2713}
	EndGlobalSection
EndGlobal
